
Microsoft Visual Studio Solution File, Format Version 12.00
# Visual Studio Version 17
VisualStudioVersion = 17.13.35931.197 d17.13
MinimumVisualStudioVersion = 10.0.40219.1
Project("{FAE04EC0-301F-11D3-BF4B-00C04F79EFBC}") = "Team18_TextRPG", "Team18_TextRPG\Team18_TextRPG.csproj", "{F8492647-CE64-4A2D-8B96-62388B4653FE}"
EndProject
Global
	GlobalSection(SolutionConfigurationPlatforms) = preSolution
		Debug|Any CPU = Debug|Any CPU
		Release|Any CPU = Release|Any CPU
	EndGlobalSection
	GlobalSection(ProjectConfigurationPlatforms) = postSolution
		{F8492647-CE64-4A2D-8B96-62388B4653FE}.Debug|Any CPU.ActiveCfg = Debug|Any CPU
		{F8492647-CE64-4A2D-8B96-62388B4653FE}.Debug|Any CPU.Build.0 = Debug|Any CPU
		{F8492647-CE64-4A2D-8B96-62388B4653FE}.Release|Any CPU.ActiveCfg = Release|Any CPU
		{F8492647-CE64-4A2D-8B96-62388B4653FE}.Release|Any CPU.Build.0 = Release|Any CPU
	EndGlobalSection
	GlobalSection(SolutionProperties) = preSolution
		HideSolutionNode = FALSE
	EndGlobalSection
	GlobalSection(ExtensibilityGlobals) = postSolution
		SolutionGuid = {B1420207-E10E-4BED-9E04-121111CF3835}
	EndGlobalSection
EndGlobal
